
Microsoft Visual Studio Solution File, Format Version 12.00
# Visual Studio Version 17
VisualStudioVersion = 17.13.35931.197 d17.13
MinimumVisualStudioVersion = 10.0.40219.1
Project("{FAE04EC0-301F-11D3-BF4B-00C04F79EFBC}") = "OrderManagment", "OrderManagment\OrderManagment.csproj", "{F5ED0F97-CA98-463F-A737-70969C327F98}"
EndProject
Project("{FAE04EC0-301F-11D3-BF4B-00C04F79EFBC}") = "OrderTests", "OrderTests\OrderTests.csproj", "{FF6A7D6C-A39A-4EEF-97C0-379966CD76E6}"
EndProject
Global
	GlobalSection(SolutionConfigurationPlatforms) = preSolution
		Debug|Any CPU = Debug|Any CPU
		Release|Any CPU = Release|Any CPU
	EndGlobalSection
	GlobalSection(ProjectConfigurationPlatforms) = postSolution
		{F5ED0F97-CA98-463F-A737-70969C327F98}.Debug|Any CPU.ActiveCfg = Debug|Any CPU
		{F5ED0F97-CA98-463F-A737-70969C327F98}.Debug|Any CPU.Build.0 = Debug|Any CPU
		{F5ED0F97-CA98-463F-A737-70969C327F98}.Release|Any CPU.ActiveCfg = Release|Any CPU
		{F5ED0F97-CA98-463F-A737-70969C327F98}.Release|Any CPU.Build.0 = Release|Any CPU
		{FF6A7D6C-A39A-4EEF-97C0-379966CD76E6}.Debug|Any CPU.ActiveCfg = Debug|Any CPU
		{FF6A7D6C-A39A-4EEF-97C0-379966CD76E6}.Debug|Any CPU.Build.0 = Debug|Any CPU
		{FF6A7D6C-A39A-4EEF-97C0-379966CD76E6}.Release|Any CPU.ActiveCfg = Release|Any CPU
		{FF6A7D6C-A39A-4EEF-97C0-379966CD76E6}.Release|Any CPU.Build.0 = Release|Any CPU
	EndGlobalSection
	GlobalSection(SolutionProperties) = preSolution
		HideSolutionNode = FALSE
	EndGlobalSection
	GlobalSection(ExtensibilityGlobals) = postSolution
		SolutionGuid = {353AD6E2-EBE6-4655-8EE5-3DF3BD5D72A7}
	EndGlobalSection
EndGlobal
